
Microsoft Visual Studio Solution File, Format Version 12.00
# Visual Studio Version 16
VisualStudioVersion = 16.0.31321.278
MinimumVisualStudioVersion = 10.0.40219.1
Project("{FAE04EC0-301F-11D3-BF4B-00C04F79EFBC}") = "TodoITBilly", "TodoITBilly\TodoITBilly.csproj", "{D06A9835-5EFC-4B83-A5EB-684B2BDDFF75}"
EndProject
Project("{FAE04EC0-301F-11D3-BF4B-00C04F79EFBC}") = "Todo.Tests", "Todo.Tests\Todo.Tests.csproj", "{3085EFD4-1F3E-42C4-9DE4-0D7F458C130B}"
EndProject
Global
	GlobalSection(SolutionConfigurationPlatforms) = preSolution
		Debug|Any CPU = Debug|Any CPU
		Release|Any CPU = Release|Any CPU
	EndGlobalSection
	GlobalSection(ProjectConfigurationPlatforms) = postSolution
		{D06A9835-5EFC-4B83-A5EB-684B2BDDFF75}.Debug|Any CPU.ActiveCfg = Debug|Any CPU
		{D06A9835-5EFC-4B83-A5EB-684B2BDDFF75}.Debug|Any CPU.Build.0 = Debug|Any CPU
		{D06A9835-5EFC-4B83-A5EB-684B2BDDFF75}.Release|Any CPU.ActiveCfg = Release|Any CPU
		{D06A9835-5EFC-4B83-A5EB-684B2BDDFF75}.Release|Any CPU.Build.0 = Release|Any CPU
		{3085EFD4-1F3E-42C4-9DE4-0D7F458C130B}.Debug|Any CPU.ActiveCfg = Debug|Any CPU
		{3085EFD4-1F3E-42C4-9DE4-0D7F458C130B}.Debug|Any CPU.Build.0 = Debug|Any CPU
		{3085EFD4-1F3E-42C4-9DE4-0D7F458C130B}.Release|Any CPU.ActiveCfg = Release|Any CPU
		{3085EFD4-1F3E-42C4-9DE4-0D7F458C130B}.Release|Any CPU.Build.0 = Release|Any CPU
	EndGlobalSection
	GlobalSection(SolutionProperties) = preSolution
		HideSolutionNode = FALSE
	EndGlobalSection
	GlobalSection(ExtensibilityGlobals) = postSolution
		SolutionGuid = {C06442D1-325A-46F3-8AF6-2EAD6983020C}
	EndGlobalSection
EndGlobal
